
Microsoft Visual Studio Solution File, Format Version 12.00
# Visual Studio Version 17
VisualStudioVersion = 17.3.32825.248
MinimumVisualStudioVersion = 10.0.40219.1
Project("{FAE04EC0-301F-11D3-BF4B-00C04F79EFBC}") = "BibliotecaVirtual", "BibliotecaVirtual.csproj", "{091251CE-4CC2-4BB2-972E-6860ADF7E4BE}"
EndProject
Global
	GlobalSection(SolutionConfigurationPlatforms) = preSolution
		Debug|Any CPU = Debug|Any CPU
		Release|Any CPU = Release|Any CPU
	EndGlobalSection
	GlobalSection(ProjectConfigurationPlatforms) = postSolution
		{091251CE-4CC2-4BB2-972E-6860ADF7E4BE}.Debug|Any CPU.ActiveCfg = Debug|Any CPU
		{091251CE-4CC2-4BB2-972E-6860ADF7E4BE}.Debug|Any CPU.Build.0 = Debug|Any CPU
		{091251CE-4CC2-4BB2-972E-6860ADF7E4BE}.Release|Any CPU.ActiveCfg = Release|Any CPU
		{091251CE-4CC2-4BB2-972E-6860ADF7E4BE}.Release|Any CPU.Build.0 = Release|Any CPU
	EndGlobalSection
	GlobalSection(SolutionProperties) = preSolution
		HideSolutionNode = FALSE
	EndGlobalSection
	GlobalSection(ExtensibilityGlobals) = postSolution
		SolutionGuid = {E1F3AC47-2223-4974-9D3B-66281EF62315}
	EndGlobalSection
EndGlobal
